
Microsoft Visual Studio Solution File, Format Version 12.00
# Visual Studio Version 16
VisualStudioVersion = 16.0.30413.136
MinimumVisualStudioVersion = 10.0.40219.1
Project("{FAE04EC0-301F-11D3-BF4B-00C04F79EFBC}") = "IDCodeReader", "IDCodeReader\IDCodeReader.csproj", "{54CD6E93-CAAE-4DE2-918C-54782C50E42C}"
EndProject
Project("{FAE04EC0-301F-11D3-BF4B-00C04F79EFBC}") = "Substrig", "Substrig\Substrig.csproj", "{BE906850-A39E-4CF4-A262-391FCC94FCEB}"
EndProject
Project("{FAE04EC0-301F-11D3-BF4B-00C04F79EFBC}") = "substring", "substring\substring.csproj", "{7C15D823-87E2-4D8E-911E-BC0C265C5BCD}"
EndProject
Project("{FAE04EC0-301F-11D3-BF4B-00C04F79EFBC}") = "substring2", "substring2\substring2.csproj", "{DBB4166F-1280-4A7E-9FC5-B8C516812975}"
EndProject
Global
	GlobalSection(SolutionConfigurationPlatforms) = preSolution
		Debug|Any CPU = Debug|Any CPU
		Release|Any CPU = Release|Any CPU
	EndGlobalSection
	GlobalSection(ProjectConfigurationPlatforms) = postSolution
		{54CD6E93-CAAE-4DE2-918C-54782C50E42C}.Debug|Any CPU.ActiveCfg = Debug|Any CPU
		{54CD6E93-CAAE-4DE2-918C-54782C50E42C}.Debug|Any CPU.Build.0 = Debug|Any CPU
		{54CD6E93-CAAE-4DE2-918C-54782C50E42C}.Release|Any CPU.ActiveCfg = Release|Any CPU
		{54CD6E93-CAAE-4DE2-918C-54782C50E42C}.Release|Any CPU.Build.0 = Release|Any CPU
		{BE906850-A39E-4CF4-A262-391FCC94FCEB}.Debug|Any CPU.ActiveCfg = Debug|Any CPU
		{BE906850-A39E-4CF4-A262-391FCC94FCEB}.Debug|Any CPU.Build.0 = Debug|Any CPU
		{BE906850-A39E-4CF4-A262-391FCC94FCEB}.Release|Any CPU.ActiveCfg = Release|Any CPU
		{BE906850-A39E-4CF4-A262-391FCC94FCEB}.Release|Any CPU.Build.0 = Release|Any CPU
		{7C15D823-87E2-4D8E-911E-BC0C265C5BCD}.Debug|Any CPU.ActiveCfg = Debug|Any CPU
		{7C15D823-87E2-4D8E-911E-BC0C265C5BCD}.Debug|Any CPU.Build.0 = Debug|Any CPU
		{7C15D823-87E2-4D8E-911E-BC0C265C5BCD}.Release|Any CPU.ActiveCfg = Release|Any CPU
		{7C15D823-87E2-4D8E-911E-BC0C265C5BCD}.Release|Any CPU.Build.0 = Release|Any CPU
		{DBB4166F-1280-4A7E-9FC5-B8C516812975}.Debug|Any CPU.ActiveCfg = Debug|Any CPU
		{DBB4166F-1280-4A7E-9FC5-B8C516812975}.Debug|Any CPU.Build.0 = Debug|Any CPU
		{DBB4166F-1280-4A7E-9FC5-B8C516812975}.Release|Any CPU.ActiveCfg = Release|Any CPU
		{DBB4166F-1280-4A7E-9FC5-B8C516812975}.Release|Any CPU.Build.0 = Release|Any CPU
	EndGlobalSection
	GlobalSection(SolutionProperties) = preSolution
		HideSolutionNode = FALSE
	EndGlobalSection
	GlobalSection(ExtensibilityGlobals) = postSolution
		SolutionGuid = {5CA41F2C-94CA-4A5B-8C5B-A08540932D1A}
	EndGlobalSection
EndGlobal
